// !$*UTF8*$!
{
	archiveVersion = 1;
	classes = {
	};
	objectVersion = 71;
	objects = {

/* Begin PBXContainerItemProxy section */
		100000000000000000000061 /* PBXContainerItemProxy */ = {
			isa = PBXContainerItemProxy;
			containerPortal = 100000000000000000000090 /* Project object */;
			proxyType = 1;
			remoteGlobalIDString = 100000000000000000000071;
			remoteInfo = GarageApp;
		};
		100000000000000000000062 /* PBXContainerItemProxy */ = {
			isa = PBXContainerItemProxy;
			containerPortal = 100000000000000000000090 /* Project object */;
			proxyType = 1;
			remoteGlobalIDString = 100000000000000000000071;
			remoteInfo = GarageApp;
		};
/* End PBXContainerItemProxy section */

/* Begin PBXFileReference section */
		100000000000000000000021 /* GarageApp.app */ = {isa = PBXFileReference; explicitFileType = wrapper.application; path = GarageApp.app; sourceTree = BUILT_PRODUCTS_DIR; };
		100000000000000000000022 /* GarageAppTests.xctest */ = {isa = PBXFileReference; explicitFileType = wrapper.cfbundle; path = GarageAppTests.xctest; sourceTree = BUILT_PRODUCTS_DIR; };
		100000000000000000000023 /* GarageAppUITests.xctest */ = {isa = PBXFileReference; explicitFileType = wrapper.cfbundle; path = GarageAppUITests.xctest; sourceTree = BUILT_PRODUCTS_DIR; };
/* End PBXFileReference section */

/* Begin PBXFileSystemSynchronizedRootGroup section */
		100000000000000000000001 /* GarageApp */ = {isa = PBXFileSystemSynchronizedRootGroup; explicitFileTypes = {}; explicitFolders = (); path = GarageApp; sourceTree = "<group>"; };
		100000000000000000000002 /* GarageAppTests */ = {isa = PBXFileSystemSynchronizedRootGroup; explicitFileTypes = {}; explicitFolders = (); path = GarageAppTests; sourceTree = "<group>"; };
		100000000000000000000003 /* GarageAppUITests */ = {isa = PBXFileSystemSynchronizedRootGroup; explicitFileTypes = {}; explicitFolders = (); path = GarageAppUITests; sourceTree = "<group>"; };
/* End PBXFileSystemSynchronizedRootGroup section */

/* Begin PBXFrameworksBuildPhase section */
		100000000000000000000031 /* Frameworks */ = {
			isa = PBXFrameworksBuildPhase;
			buildActionMask = 2147483647;
			files = (
			);
			runOnlyForDeploymentPostprocessing = 0;
		};
		100000000000000000000032 /* Frameworks */ = {
			isa = PBXFrameworksBuildPhase;
			buildActionMask = 2147483647;
			files = (
			);
			runOnlyForDeploymentPostprocessing = 0;
		};
		100000000000000000000033 /* Frameworks */ = {
			isa = PBXFrameworksBuildPhase;
			buildActionMask = 2147483647;
			files = (
			);
			runOnlyForDeploymentPostprocessing = 0;
		};
/* End PBXFrameworksBuildPhase section */

/* Begin PBXGroup section */
		100000000000000000000010 = {
			isa = PBXGroup;
			children = (
				100000000000000000000001 /* GarageApp */,
				100000000000000000000002 /* GarageAppTests */,
				100000000000000000000003 /* GarageAppUITests */,
				100000000000000000000011 /* Products */,
			);
			sourceTree = "<group>";
		};
		100000000000000000000011 /* Products */ = {
			isa = PBXGroup;
			children = (
				100000000000000000000021 /* GarageApp.app */,
				100000000000000000000022 /* GarageAppTests.xctest */,
				100000000000000000000023 /* GarageAppUITests.xctest */,
			);
			name = Products;
			sourceTree = "<group>";
		};
/* End PBXGroup section */

/* Begin PBXNativeTarget section */
		100000000000000000000071 /* GarageApp */ = {
			isa = PBXNativeTarget;
			buildConfigurationList = 1000000000000000000000A1 /* Build configuration list for PBXNativeTarget "GarageApp" */;
			buildPhases = (
				100000000000000000000041 /* Sources */,
				100000000000000000000031 /* Frameworks */,
				100000000000000000000051 /* Resources */,
			);
			buildRules = (
			);
			dependencies = (
			);
			fileSystemSynchronizedGroups = (
				100000000000000000000001 /* GarageApp */,
			);
			name = GarageApp;
			packageProductDependencies = (
			);
			productName = GarageApp;
			productReference = 100000000000000000000021 /* GarageApp.app */;
			productType = "com.apple.product-type.application";
		};
		100000000000000000000072 /* GarageAppTests */ = {
			isa = PBXNativeTarget;
			buildConfigurationList = 1000000000000000000000A2 /* Build configuration list for PBXNativeTarget "GarageAppTests" */;
			buildPhases = (
				100000000000000000000042 /* Sources */,
				100000000000000000000032 /* Frameworks */,
				100000000000000000000052 /* Resources */,
			);
			buildRules = (
			);
			dependencies = (
				100000000000000000000065 /* PBXTargetDependency */,
			);
			fileSystemSynchronizedGroups = (
				100000000000000000000002 /* GarageAppTests */,
			);
			name = GarageAppTests;
			packageProductDependencies = (
			);
			productName = GarageAppTests;
			productReference = 100000000000000000000022 /* GarageAppTests.xctest */;
			productType = "com.apple.product-type.bundle.unit-test";
		};
		100000000000000000000073 /* GarageAppUITests */ = {
			isa = PBXNativeTarget;
			buildConfigurationList = 1000000000000000000000A3 /* Build configuration list for PBXNativeTarget "GarageAppUITests" */;
			buildPhases = (
				100000000000000000000043 /* Sources */,
				100000000000000000000033 /* Frameworks */,
				100000000000000000000053 /* Resources */,
			);
			buildRules = (
			);
			dependencies = (
				100000000000000000000066 /* PBXTargetDependency */,
			);
			fileSystemSynchronizedGroups = (
				100000000000000000000003 /* GarageAppUITests */,
			);
			name = GarageAppUITests;
			packageProductDependencies = (
			);
			productName = GarageAppUITests;
			productReference = 100000000000000000000023 /* GarageAppUITests.xctest */;
			productType = "com.apple.product-type.bundle.ui-testing";
		};
/* End PBXNativeTarget section */

/* Begin PBXProject section */
		100000000000000000000090 /* Project object */ = {
			isa = PBXProject;
			attributes = {
				BuildIndependentTargetsInParallel = 1;
				LastSwiftUpdateCheck = 2600;
				LastUpgradeCheck = 2600;
				TargetAttributes = {
					100000000000000000000071 = {
						CreatedOnToolsVersion = 26.0;
						SystemCapabilities = {
							com.apple.CloudKit = {
								enabled = 1;
							};
							com.apple.Push = {
								enabled = 1;
							};
							com.apple.iCloud = {
								enabled = 1;
							};
						};
					};
					100000000000000000000072 = {
						CreatedOnToolsVersion = 26.0;
						TestTargetID = 100000000000000000000071;
					};
					100000000000000000000073 = {
						CreatedOnToolsVersion = 26.0;
						TestTargetID = 100000000000000000000071;
					};
				};
			};
			buildConfigurationList = 1000000000000000000000A0 /* Build configuration list for PBXProject "ProjectGarage" */;
			compatibilityVersion = "Xcode 16.0";
			developmentRegion = tr;
			hasScannedForEncodings = 0;
			knownRegions = (
				tr,
				Base,
			);
			mainGroup = 100000000000000000000010;
			productRefGroup = 100000000000000000000011 /* Products */;
			projectDirPath = "";
			projectRoot = "";
			targets = (
				100000000000000000000071 /* GarageApp */,
				100000000000000000000072 /* GarageAppTests */,
				100000000000000000000073 /* GarageAppUITests */,
			);
		};
/* End PBXProject section */

/* Begin PBXResourcesBuildPhase section */
		100000000000000000000051 /* Resources */ = {
			isa = PBXResourcesBuildPhase;
			buildActionMask = 2147483647;
			files = (
			);
			runOnlyForDeploymentPostprocessing = 0;
		};
		100000000000000000000052 /* Resources */ = {
			isa = PBXResourcesBuildPhase;
			buildActionMask = 2147483647;
			files = (
			);
			runOnlyForDeploymentPostprocessing = 0;
		};
		100000000000000000000053 /* Resources */ = {
			isa = PBXResourcesBuildPhase;
			buildActionMask = 2147483647;
			files = (
			);
			runOnlyForDeploymentPostprocessing = 0;
		};
/* End PBXResourcesBuildPhase section */

/* Begin PBXSourcesBuildPhase section */
		100000000000000000000041 /* Sources */ = {
			isa = PBXSourcesBuildPhase;
			buildActionMask = 2147483647;
			files = (
			);
			runOnlyForDeploymentPostprocessing = 0;
		};
		100000000000000000000042 /* Sources */ = {
			isa = PBXSourcesBuildPhase;
			buildActionMask = 2147483647;
			files = (
			);
			runOnlyForDeploymentPostprocessing = 0;
		};
		100000000000000000000043 /* Sources */ = {
			isa = PBXSourcesBuildPhase;
			buildActionMask = 2147483647;
			files = (
			);
			runOnlyForDeploymentPostprocessing = 0;
		};
/* End PBXSourcesBuildPhase section */

/* Begin PBXTargetDependency section */
		100000000000000000000065 /* PBXTargetDependency */ = {
			isa = PBXTargetDependency;
			target = 100000000000000000000071 /* GarageApp */;
			targetProxy = 100000000000000000000061 /* PBXContainerItemProxy */;
		};
		100000000000000000000066 /* PBXTargetDependency */ = {
			isa = PBXTargetDependency;
			target = 100000000000000000000071 /* GarageApp */;
			targetProxy = 100000000000000000000062 /* PBXContainerItemProxy */;
		};
/* End PBXTargetDependency section */

/* Begin XCBuildConfiguration section */
		1000000000000000000000B1 /* Debug */ = {
			isa = XCBuildConfiguration;
			buildSettings = {
				ALWAYS_SEARCH_USER_PATHS = NO;
				CLANG_ENABLE_MODULES = YES;
				CLANG_ENABLE_OBJC_ARC = YES;
				COPY_PHASE_STRIP = NO;
				DEBUG_INFORMATION_FORMAT = dwarf;
				ENABLE_TESTABILITY = YES;
				GCC_C_LANGUAGE_STANDARD = gnu17;
				IPHONEOS_DEPLOYMENT_TARGET = 18.0;
				MTL_ENABLE_DEBUG_INFO = INCLUDE_SOURCE;
				SDKROOT = iphoneos;
				SWIFT_ACTIVE_COMPILATION_CONDITIONS = "DEBUG $(inherited)";
				SWIFT_OPTIMIZATION_LEVEL = "-Onone";
			};
			name = Debug;
		};
		1000000000000000000000B2 /* Release */ = {
			isa = XCBuildConfiguration;
			buildSettings = {
				ALWAYS_SEARCH_USER_PATHS = NO;
				CLANG_ENABLE_MODULES = YES;
				CLANG_ENABLE_OBJC_ARC = YES;
				COPY_PHASE_STRIP = NO;
				DEBUG_INFORMATION_FORMAT = "dwarf-with-dsym";
				ENABLE_NS_ASSERTIONS = NO;
				GCC_C_LANGUAGE_STANDARD = gnu17;
				IPHONEOS_DEPLOYMENT_TARGET = 18.0;
				MTL_ENABLE_DEBUG_INFO = NO;
				SDKROOT = iphoneos;
				SWIFT_COMPILATION_MODE = wholemodule;
				VALIDATE_PRODUCT = YES;
			};
			name = Release;
		};
		1000000000000000000000C1 /* Debug */ = {
			isa = XCBuildConfiguration;
			buildSettings = {
				ASSETCATALOG_COMPILER_APPICON_NAME = AppIcon;
				ASSETCATALOG_COMPILER_GLOBAL_ACCENT_COLOR_NAME = AppAccent;
				CODE_SIGN_ENTITLEMENTS = GarageApp/GarageApp.entitlements;
				CODE_SIGN_IDENTITY = "Apple Development";
				CODE_SIGN_STYLE = Automatic;
				CURRENT_PROJECT_VERSION = 2;
				DEVELOPMENT_TEAM = D7PK4RX7HQ;
				EXCLUDED_SOURCE_FILE_NAMES = (
					"*.md",
					"appicon-concept-*.png",
				);
				GENERATE_INFOPLIST_FILE = NO;
				INFOPLIST_FILE = Info.plist;
				INFOPLIST_KEY_CFBundleDisplayName = "OtoHafıza";
				INFOPLIST_KEY_LSApplicationCategoryType = "public.app-category.utilities";
				INFOPLIST_KEY_NSCameraUsageDescription = "Belgeleri ve araç fotoğraflarını taramak için kamera erişimi gerekir.";
				INFOPLIST_KEY_NSLocationWhenInUseUsageDescription = "Yakınınızdaki servis ve akaryakıt istasyonlarını göstermek için konumunuz yalnızca arama sırasında kullanılır.";
				INFOPLIST_KEY_NSPhotoLibraryUsageDescription = "Kayıtlara belge ve araç fotoğrafı eklemek için fotoğraf erişimi gerekir.";
				INFOPLIST_KEY_UIApplicationSceneManifest_Generation = YES;
				INFOPLIST_KEY_UIApplicationSupportsIndirectInputEvents = YES;
				INFOPLIST_KEY_UIBackgroundModes = "remote-notification";
				INFOPLIST_KEY_UILaunchStoryboardName = LaunchScreen;
				IPHONEOS_DEPLOYMENT_TARGET = 18.6;
				MARKETING_VERSION = 1.0;
				PRODUCT_BUNDLE_IDENTIFIER = com.dogaerdemir.otohafiza;
				PRODUCT_NAME = "$(TARGET_NAME)";
				PROVISIONING_PROFILE_SPECIFIER = "";
				SUPPORTED_PLATFORMS = "iphoneos iphonesimulator";
				SUPPORTS_MACCATALYST = NO;
				SUPPORTS_MAC_DESIGNED_FOR_IPHONE_IPAD = NO;
				SUPPORTS_XR_DESIGNED_FOR_IPHONE_IPAD = NO;
				SWIFT_EMIT_LOC_STRINGS = YES;
				SWIFT_VERSION = 5.0;
				TARGETED_DEVICE_FAMILY = 1;
			};
			name = Debug;
		};
		1000000000000000000000C2 /* Release */ = {
			isa = XCBuildConfiguration;
			buildSettings = {
				ASSETCATALOG_COMPILER_APPICON_NAME = AppIcon;
				ASSETCATALOG_COMPILER_GLOBAL_ACCENT_COLOR_NAME = AppAccent;
				CODE_SIGN_ENTITLEMENTS = GarageApp/GarageApp.entitlements;
				CODE_SIGN_STYLE = Automatic;
				CURRENT_PROJECT_VERSION = 2;
				DEVELOPMENT_TEAM = D7PK4RX7HQ;
				EXCLUDED_SOURCE_FILE_NAMES = (
					"*.md",
					"appicon-concept-*.png",
				);
				GENERATE_INFOPLIST_FILE = NO;
				INFOPLIST_FILE = Info.plist;
				INFOPLIST_KEY_CFBundleDisplayName = "OtoHafıza";
				INFOPLIST_KEY_LSApplicationCategoryType = "public.app-category.utilities";
				INFOPLIST_KEY_NSCameraUsageDescription = "Belgeleri ve araç fotoğraflarını taramak için kamera erişimi gerekir.";
				INFOPLIST_KEY_NSLocationWhenInUseUsageDescription = "Yakınınızdaki servis ve akaryakıt istasyonlarını göstermek için konumunuz yalnızca arama sırasında kullanılır.";
				INFOPLIST_KEY_NSPhotoLibraryUsageDescription = "Kayıtlara belge ve araç fotoğrafı eklemek için fotoğraf erişimi gerekir.";
				INFOPLIST_KEY_UIApplicationSceneManifest_Generation = YES;
				INFOPLIST_KEY_UIApplicationSupportsIndirectInputEvents = YES;
				INFOPLIST_KEY_UIBackgroundModes = "remote-notification";
				INFOPLIST_KEY_UILaunchStoryboardName = LaunchScreen;
				IPHONEOS_DEPLOYMENT_TARGET = 18.6;
				MARKETING_VERSION = 1.0;
				PRODUCT_BUNDLE_IDENTIFIER = com.dogaerdemir.otohafiza;
				PRODUCT_NAME = "$(TARGET_NAME)";
				PROVISIONING_PROFILE_SPECIFIER = "";
				SUPPORTED_PLATFORMS = "iphoneos iphonesimulator";
				SUPPORTS_MACCATALYST = NO;
				SUPPORTS_MAC_DESIGNED_FOR_IPHONE_IPAD = NO;
				SUPPORTS_XR_DESIGNED_FOR_IPHONE_IPAD = NO;
				SWIFT_EMIT_LOC_STRINGS = YES;
				SWIFT_VERSION = 5.0;
				TARGETED_DEVICE_FAMILY = 1;
			};
			name = Release;
		};
		1000000000000000000000D1 /* Debug */ = {
			isa = XCBuildConfiguration;
			buildSettings = {
				BUNDLE_LOADER = "$(TEST_HOST)";
				CODE_SIGN_STYLE = Automatic;
				GENERATE_INFOPLIST_FILE = YES;
				IPHONEOS_DEPLOYMENT_TARGET = 18.0;
				PRODUCT_BUNDLE_IDENTIFIER = com.dogaerdemir.OtoHafizaTests;
				PRODUCT_NAME = "$(TARGET_NAME)";
				SWIFT_VERSION = 5.0;
				TARGETED_DEVICE_FAMILY = 1;
				TEST_HOST = "$(BUILT_PRODUCTS_DIR)/GarageApp.app/$(BUNDLE_EXECUTABLE_FOLDER_PATH)/GarageApp";
			};
			name = Debug;
		};
		1000000000000000000000D2 /* Release */ = {
			isa = XCBuildConfiguration;
			buildSettings = {
				BUNDLE_LOADER = "$(TEST_HOST)";
				CODE_SIGN_STYLE = Automatic;
				GENERATE_INFOPLIST_FILE = YES;
				IPHONEOS_DEPLOYMENT_TARGET = 18.0;
				PRODUCT_BUNDLE_IDENTIFIER = com.dogaerdemir.OtoHafizaTests;
				PRODUCT_NAME = "$(TARGET_NAME)";
				SWIFT_VERSION = 5.0;
				TARGETED_DEVICE_FAMILY = 1;
				TEST_HOST = "$(BUILT_PRODUCTS_DIR)/GarageApp.app/$(BUNDLE_EXECUTABLE_FOLDER_PATH)/GarageApp";
			};
			name = Release;
		};
		1000000000000000000000E1 /* Debug */ = {
			isa = XCBuildConfiguration;
			buildSettings = {
				CODE_SIGN_STYLE = Automatic;
				GENERATE_INFOPLIST_FILE = YES;
				IPHONEOS_DEPLOYMENT_TARGET = 18.0;
				PRODUCT_BUNDLE_IDENTIFIER = com.dogaerdemir.OtoHafizaUITests;
				PRODUCT_NAME = "$(TARGET_NAME)";
				SWIFT_VERSION = 5.0;
				TARGETED_DEVICE_FAMILY = 1;
				TEST_TARGET_NAME = GarageApp;
			};
			name = Debug;
		};
		1000000000000000000000E2 /* Release */ = {
			isa = XCBuildConfiguration;
			buildSettings = {
				CODE_SIGN_STYLE = Automatic;
				GENERATE_INFOPLIST_FILE = YES;
				IPHONEOS_DEPLOYMENT_TARGET = 18.0;
				PRODUCT_BUNDLE_IDENTIFIER = com.dogaerdemir.OtoHafizaUITests;
				PRODUCT_NAME = "$(TARGET_NAME)";
				SWIFT_VERSION = 5.0;
				TARGETED_DEVICE_FAMILY = 1;
				TEST_TARGET_NAME = GarageApp;
			};
			name = Release;
		};
/* End XCBuildConfiguration section */

/* Begin XCConfigurationList section */
		1000000000000000000000A0 /* Build configuration list for PBXProject "ProjectGarage" */ = {
			isa = XCConfigurationList;
			buildConfigurations = (
				1000000000000000000000B1 /* Debug */,
				1000000000000000000000B2 /* Release */,
			);
			defaultConfigurationIsVisible = 0;
			defaultConfigurationName = Release;
		};
		1000000000000000000000A1 /* Build configuration list for PBXNativeTarget "GarageApp" */ = {
			isa = XCConfigurationList;
			buildConfigurations = (
				1000000000000000000000C1 /* Debug */,
				1000000000000000000000C2 /* Release */,
			);
			defaultConfigurationIsVisible = 0;
			defaultConfigurationName = Release;
		};
		1000000000000000000000A2 /* Build configuration list for PBXNativeTarget "GarageAppTests" */ = {
			isa = XCConfigurationList;
			buildConfigurations = (
				1000000000000000000000D1 /* Debug */,
				1000000000000000000000D2 /* Release */,
			);
			defaultConfigurationIsVisible = 0;
			defaultConfigurationName = Release;
		};
		1000000000000000000000A3 /* Build configuration list for PBXNativeTarget "GarageAppUITests" */ = {
			isa = XCConfigurationList;
			buildConfigurations = (
				1000000000000000000000E1 /* Debug */,
				1000000000000000000000E2 /* Release */,
			);
			defaultConfigurationIsVisible = 0;
			defaultConfigurationName = Release;
		};
/* End XCConfigurationList section */
	};
	rootObject = 100000000000000000000090 /* Project object */;
}
